
Microsoft Visual Studio Solution File, Format Version 12.00
# Visual Studio 15
VisualStudioVersion = 15.0.28307.705
MinimumVisualStudioVersion = 10.0.40219.1
Project("{8BC9CEB8-8B4A-11D0-8D11-00A0C91BC942}") = "TicTracking", "TicTracking\TicTracking.vcxproj", "{C5F80730-F44F-4478-BDAE-6634EFC2CA88}"
EndProject
Project("{8BC9CEB8-8B4A-11D0-8D11-00A0C91BC942}") = "MPU6050_DMP6", "..\..\..\..\..\Workspace\i2cdevlib\Arduino\MPU6050\examples\MPU6050_DMP6\MPU6050_DMP6.vcxproj", "{5BF62230-323D-4DAE-AC8B-43345226F70C}"
EndProject
Project("{8BC9CEB8-8B4A-11D0-8D11-00A0C91BC942}") = "temp", "..\..\..\Documents\Arduino\temp\temp.vcxproj", "{606C280D-73E3-4796-8A9F-8A2770F544BC}"
EndProject
Project("{8BC9CEB8-8B4A-11D0-8D11-00A0C91BC942}") = "pcf8523", "..\..\..\Documents\Arduino\pcf8523\pcf8523.vcxproj", "{78028F84-B574-47E2-94D7-2A6E9FA72052}"
EndProject
Project("{8BC9CEB8-8B4A-11D0-8D11-00A0C91BC942}") = "sleeping", "..\..\..\Documents\Arduino\sleeping\sleeping.vcxproj", "{9911DF62-B52B-41E1-A7E2-9449B8D6662F}"
EndProject
Project("{8BC9CEB8-8B4A-11D0-8D11-00A0C91BC942}") = "light_sleeping", "..\..\..\Documents\Arduino\light_sleeping\light_sleeping.vcxproj", "{783322DA-944B-45D9-BBEC-BDF0AD55311F}"
EndProject
Project("{8BC9CEB8-8B4A-11D0-8D11-00A0C91BC942}") = "Interrupt_testing", "..\..\..\Documents\Arduino\Interrupt_testing\Interrupt_testing.vcxproj", "{1CD95A1D-8285-4547-852C-FA209C737E49}"
EndProject
Project("{8BC9CEB8-8B4A-11D0-8D11-00A0C91BC942}") = "interrupt_test_2", "..\..\..\Documents\Arduino\interrupt_test_2\interrupt_test_2.vcxproj", "{0FDB3767-9FE8-4D70-AE05-EEAA7D3BDCC7}"
EndProject
Project("{8BC9CEB8-8B4A-11D0-8D11-00A0C91BC942}") = "interrupt_test_3", "..\..\..\Documents\Arduino\interrupt_test_3\interrupt_test_3.vcxproj", "{272D98A6-9D24-4458-A0D6-AEC76D575DF9}"
EndProject
Project("{8BC9CEB8-8B4A-11D0-8D11-00A0C91BC942}") = "GPIO_sleeping", "..\..\..\Documents\Arduino\GPIO_sleeping\GPIO_sleeping.vcxproj", "{92338126-06D5-45EA-8DBC-315541B7F3CE}"
EndProject
Project("{8BC9CEB8-8B4A-11D0-8D11-00A0C91BC942}") = "timer_interrupt", "..\..\..\Documents\Arduino\time_interrupt\time_interrupt.vcxproj", "{5E79DCC0-DD4F-4C1E-A343-F552727D3629}"
EndProject
Global
	GlobalSection(SolutionConfigurationPlatforms) = preSolution
		Debug|x86 = Debug|x86
		Release|x86 = Release|x86
	EndGlobalSection
	GlobalSection(ProjectConfigurationPlatforms) = postSolution
		{C5F80730-F44F-4478-BDAE-6634EFC2CA88}.Debug|x86.ActiveCfg = Debug|Win32
		{C5F80730-F44F-4478-BDAE-6634EFC2CA88}.Debug|x86.Build.0 = Debug|Win32
		{C5F80730-F44F-4478-BDAE-6634EFC2CA88}.Release|x86.ActiveCfg = Release|Win32
		{C5F80730-F44F-4478-BDAE-6634EFC2CA88}.Release|x86.Build.0 = Release|Win32
		{5BF62230-323D-4DAE-AC8B-43345226F70C}.Debug|x86.ActiveCfg = Debug|Win32
		{5BF62230-323D-4DAE-AC8B-43345226F70C}.Debug|x86.Build.0 = Debug|Win32
		{5BF62230-323D-4DAE-AC8B-43345226F70C}.Release|x86.ActiveCfg = Release|Win32
		{5BF62230-323D-4DAE-AC8B-43345226F70C}.Release|x86.Build.0 = Release|Win32
		{606C280D-73E3-4796-8A9F-8A2770F544BC}.Debug|x86.ActiveCfg = Debug|Win32
		{606C280D-73E3-4796-8A9F-8A2770F544BC}.Debug|x86.Build.0 = Debug|Win32
		{606C280D-73E3-4796-8A9F-8A2770F544BC}.Release|x86.ActiveCfg = Release|Win32
		{606C280D-73E3-4796-8A9F-8A2770F544BC}.Release|x86.Build.0 = Release|Win32
		{78028F84-B574-47E2-94D7-2A6E9FA72052}.Debug|x86.ActiveCfg = Debug|Win32
		{78028F84-B574-47E2-94D7-2A6E9FA72052}.Debug|x86.Build.0 = Debug|Win32
		{78028F84-B574-47E2-94D7-2A6E9FA72052}.Release|x86.ActiveCfg = Release|Win32
		{78028F84-B574-47E2-94D7-2A6E9FA72052}.Release|x86.Build.0 = Release|Win32
		{9911DF62-B52B-41E1-A7E2-9449B8D6662F}.Debug|x86.ActiveCfg = Debug|Win32
		{9911DF62-B52B-41E1-A7E2-9449B8D6662F}.Debug|x86.Build.0 = Debug|Win32
		{9911DF62-B52B-41E1-A7E2-9449B8D6662F}.Release|x86.ActiveCfg = Release|Win32
		{9911DF62-B52B-41E1-A7E2-9449B8D6662F}.Release|x86.Build.0 = Release|Win32
		{783322DA-944B-45D9-BBEC-BDF0AD55311F}.Debug|x86.ActiveCfg = Debug|Win32
		{783322DA-944B-45D9-BBEC-BDF0AD55311F}.Debug|x86.Build.0 = Debug|Win32
		{783322DA-944B-45D9-BBEC-BDF0AD55311F}.Release|x86.ActiveCfg = Release|Win32
		{783322DA-944B-45D9-BBEC-BDF0AD55311F}.Release|x86.Build.0 = Release|Win32
		{1CD95A1D-8285-4547-852C-FA209C737E49}.Debug|x86.ActiveCfg = Debug|Win32
		{1CD95A1D-8285-4547-852C-FA209C737E49}.Debug|x86.Build.0 = Debug|Win32
		{1CD95A1D-8285-4547-852C-FA209C737E49}.Release|x86.ActiveCfg = Release|Win32
		{1CD95A1D-8285-4547-852C-FA209C737E49}.Release|x86.Build.0 = Release|Win32
		{0FDB3767-9FE8-4D70-AE05-EEAA7D3BDCC7}.Debug|x86.ActiveCfg = Debug|Win32
		{0FDB3767-9FE8-4D70-AE05-EEAA7D3BDCC7}.Debug|x86.Build.0 = Debug|Win32
		{0FDB3767-9FE8-4D70-AE05-EEAA7D3BDCC7}.Release|x86.ActiveCfg = Release|Win32
		{0FDB3767-9FE8-4D70-AE05-EEAA7D3BDCC7}.Release|x86.Build.0 = Release|Win32
		{272D98A6-9D24-4458-A0D6-AEC76D575DF9}.Debug|x86.ActiveCfg = Debug|Win32
		{272D98A6-9D24-4458-A0D6-AEC76D575DF9}.Debug|x86.Build.0 = Debug|Win32
		{272D98A6-9D24-4458-A0D6-AEC76D575DF9}.Release|x86.ActiveCfg = Release|Win32
		{272D98A6-9D24-4458-A0D6-AEC76D575DF9}.Release|x86.Build.0 = Release|Win32
		{92338126-06D5-45EA-8DBC-315541B7F3CE}.Debug|x86.ActiveCfg = Debug|Win32
		{92338126-06D5-45EA-8DBC-315541B7F3CE}.Debug|x86.Build.0 = Debug|Win32
		{92338126-06D5-45EA-8DBC-315541B7F3CE}.Release|x86.ActiveCfg = Release|Win32
		{92338126-06D5-45EA-8DBC-315541B7F3CE}.Release|x86.Build.0 = Release|Win32
		{5E79DCC0-DD4F-4C1E-A343-F552727D3629}.Debug|x86.ActiveCfg = Debug|Win32
		{5E79DCC0-DD4F-4C1E-A343-F552727D3629}.Debug|x86.Build.0 = Debug|Win32
		{5E79DCC0-DD4F-4C1E-A343-F552727D3629}.Release|x86.ActiveCfg = Release|Win32
		{5E79DCC0-DD4F-4C1E-A343-F552727D3629}.Release|x86.Build.0 = Release|Win32
	EndGlobalSection
	GlobalSection(SolutionProperties) = preSolution
		HideSolutionNode = FALSE
	EndGlobalSection
	GlobalSection(ExtensibilityGlobals) = postSolution
		SolutionGuid = {7378C0C1-358D-402E-8409-9F2C41E298F1}
	EndGlobalSection
EndGlobal
